
Microsoft Visual Studio Solution File, Format Version 12.00
# Visual Studio Version 16
VisualStudioVersion = 16.0.32228.343
MinimumVisualStudioVersion = 10.0.40219.1
Project("{FAE04EC0-301F-11D3-BF4B-00C04F79EFBC}") = "Indumentaria.consola", "Indumentaria.consola\Indumentaria.consola.csproj", "{CC158915-E8DC-49AC-B3E1-EC3A19174356}"
EndProject
Project("{FAE04EC0-301F-11D3-BF4B-00C04F79EFBC}") = "Indumentaria.Entidades", "Indumentaria.Entidades\Indumentaria.Entidades.csproj", "{EA907E0A-F3B5-40CD-A9BA-90F0D381B295}"
EndProject
Global
	GlobalSection(SolutionConfigurationPlatforms) = preSolution
		Debug|Any CPU = Debug|Any CPU
		Release|Any CPU = Release|Any CPU
	EndGlobalSection
	GlobalSection(ProjectConfigurationPlatforms) = postSolution
		{CC158915-E8DC-49AC-B3E1-EC3A19174356}.Debug|Any CPU.ActiveCfg = Debug|Any CPU
		{CC158915-E8DC-49AC-B3E1-EC3A19174356}.Debug|Any CPU.Build.0 = Debug|Any CPU
		{CC158915-E8DC-49AC-B3E1-EC3A19174356}.Release|Any CPU.ActiveCfg = Release|Any CPU
		{CC158915-E8DC-49AC-B3E1-EC3A19174356}.Release|Any CPU.Build.0 = Release|Any CPU
		{EA907E0A-F3B5-40CD-A9BA-90F0D381B295}.Debug|Any CPU.ActiveCfg = Debug|Any CPU
		{EA907E0A-F3B5-40CD-A9BA-90F0D381B295}.Debug|Any CPU.Build.0 = Debug|Any CPU
		{EA907E0A-F3B5-40CD-A9BA-90F0D381B295}.Release|Any CPU.ActiveCfg = Release|Any CPU
		{EA907E0A-F3B5-40CD-A9BA-90F0D381B295}.Release|Any CPU.Build.0 = Release|Any CPU
	EndGlobalSection
	GlobalSection(SolutionProperties) = preSolution
		HideSolutionNode = FALSE
	EndGlobalSection
	GlobalSection(ExtensibilityGlobals) = postSolution
		SolutionGuid = {AF9155E5-FFE2-476B-A2D1-DBD3A426B1DD}
	EndGlobalSection
EndGlobal
